
Microsoft Visual Studio Solution File, Format Version 12.00
# Visual Studio Version 16
VisualStudioVersion = 16.0.29519.87
MinimumVisualStudioVersion = 10.0.40219.1
Project("{8BC9CEB8-8B4A-11D0-8D11-00A0C91BC942}") = "Primzahl", "Primzahl\Primzahl.vcxproj", "{BBB28C50-8E75-45D5-B7D0-3869760CD12A}"
EndProject
Global
	GlobalSection(SolutionConfigurationPlatforms) = preSolution
		Debug|x64 = Debug|x64
		Debug|x86 = Debug|x86
		Release|x64 = Release|x64
		Release|x86 = Release|x86
	EndGlobalSection
	GlobalSection(ProjectConfigurationPlatforms) = postSolution
		{BBB28C50-8E75-45D5-B7D0-3869760CD12A}.Debug|x64.ActiveCfg = Debug|x64
		{BBB28C50-8E75-45D5-B7D0-3869760CD12A}.Debug|x64.Build.0 = Debug|x64
		{BBB28C50-8E75-45D5-B7D0-3869760CD12A}.Debug|x86.ActiveCfg = Debug|Win32
		{BBB28C50-8E75-45D5-B7D0-3869760CD12A}.Debug|x86.Build.0 = Debug|Win32
		{BBB28C50-8E75-45D5-B7D0-3869760CD12A}.Release|x64.ActiveCfg = Release|x64
		{BBB28C50-8E75-45D5-B7D0-3869760CD12A}.Release|x64.Build.0 = Release|x64
		{BBB28C50-8E75-45D5-B7D0-3869760CD12A}.Release|x86.ActiveCfg = Release|Win32
		{BBB28C50-8E75-45D5-B7D0-3869760CD12A}.Release|x86.Build.0 = Release|Win32
	EndGlobalSection
	GlobalSection(SolutionProperties) = preSolution
		HideSolutionNode = FALSE
	EndGlobalSection
	GlobalSection(ExtensibilityGlobals) = postSolution
		SolutionGuid = {E90D00F8-997A-47D6-84DE-365AA462FB0A}
	EndGlobalSection
EndGlobal
