
Microsoft Visual Studio Solution File, Format Version 12.00
# Visual Studio Version 17
VisualStudioVersion = 17.0.32112.339
MinimumVisualStudioVersion = 10.0.40219.1
Project("{8BC9CEB8-8B4A-11D0-8D11-00A0C91BC942}") = "TaschenrechnerA42", "TaschenrechnerA42\TaschenrechnerA42.vcxproj", "{ADEE53CF-5510-453B-B3B7-FAB37025D8D5}"
EndProject
Global
	GlobalSection(SolutionConfigurationPlatforms) = preSolution
		Debug|x64 = Debug|x64
		Debug|x86 = Debug|x86
		Release|x64 = Release|x64
		Release|x86 = Release|x86
	EndGlobalSection
	GlobalSection(ProjectConfigurationPlatforms) = postSolution
		{ADEE53CF-5510-453B-B3B7-FAB37025D8D5}.Debug|x64.ActiveCfg = Debug|x64
		{ADEE53CF-5510-453B-B3B7-FAB37025D8D5}.Debug|x64.Build.0 = Debug|x64
		{ADEE53CF-5510-453B-B3B7-FAB37025D8D5}.Debug|x86.ActiveCfg = Debug|Win32
		{ADEE53CF-5510-453B-B3B7-FAB37025D8D5}.Debug|x86.Build.0 = Debug|Win32
		{ADEE53CF-5510-453B-B3B7-FAB37025D8D5}.Release|x64.ActiveCfg = Release|x64
		{ADEE53CF-5510-453B-B3B7-FAB37025D8D5}.Release|x64.Build.0 = Release|x64
		{ADEE53CF-5510-453B-B3B7-FAB37025D8D5}.Release|x86.ActiveCfg = Release|Win32
		{ADEE53CF-5510-453B-B3B7-FAB37025D8D5}.Release|x86.Build.0 = Release|Win32
	EndGlobalSection
	GlobalSection(SolutionProperties) = preSolution
		HideSolutionNode = FALSE
	EndGlobalSection
	GlobalSection(ExtensibilityGlobals) = postSolution
		SolutionGuid = {8E2BBDDF-A651-4A18-9937-7D0033843B5E}
	EndGlobalSection
EndGlobal
